
Microsoft Visual Studio Solution File, Format Version 12.00
# Visual Studio Version 17
VisualStudioVersion = 17.0.32014.148
MinimumVisualStudioVersion = 10.0.40219.1
Project("{2150E333-8FDC-42A3-9474-1A3956D46DE8}") = "Solution Items", "Solution Items", "{EEF09A92-D2CB-4107-A2D8-67FFC42DBC3E}"
	ProjectSection(SolutionItems) = preProject
		CODE_OF_CONDUCT.md = CODE_OF_CONDUCT.md
		Directory.Build.props = Directory.Build.props
		Directory.Build.targets = Directory.Build.targets
		.github\workflows\build.yml = .github\workflows\build.yml
		LICENSE = LICENSE
		README.md = README.md
		logo.jpg = logo.jpg
	EndProjectSection
EndProject
Project("{2150E333-8FDC-42A3-9474-1A3956D46DE8}") = "src", "src", "{90721148-631D-47AB-845C-8472AE48BC89}"
EndProject
Project("{2150E333-8FDC-42A3-9474-1A3956D46DE8}") = "tests", "tests", "{8E88F39E-B2DF-4122-821F-0EECC7343773}"
EndProject
Project("{FAE04EC0-301F-11D3-BF4B-00C04F79EFBC}") = "OpenCqrs", "src\OpenCqrs\OpenCqrs.csproj", "{1C87B8FB-2C9A-4F4D-8052-143209990BB2}"
EndProject
Project("{FAE04EC0-301F-11D3-BF4B-00C04F79EFBC}") = "OpenCqrs.Tests", "tests\OpenCqrs.Tests\OpenCqrs.Tests.csproj", "{329831D0-59DB-48B7-B83C-429969928B3C}"
EndProject
Project("{FAE04EC0-301F-11D3-BF4B-00C04F79EFBC}") = "OpenCqrs.EventSourcing.Store.EntityFrameworkCore", "src\OpenCqrs.EventSourcing.Store.EntityFrameworkCore\OpenCqrs.EventSourcing.Store.EntityFrameworkCore.csproj", "{BE446093-2B53-49DD-946C-C0CF377C3099}"
EndProject
Project("{FAE04EC0-301F-11D3-BF4B-00C04F79EFBC}") = "OpenCqrs.EventSourcing.Store.EntityFrameworkCore.Tests", "tests\OpenCqrs.EventSourcing.Store.EntityFrameworkCore.Tests\OpenCqrs.EventSourcing.Store.EntityFrameworkCore.Tests.csproj", "{207773D3-4028-4F76-A041-47FE5901CC0A}"
EndProject
Project("{FAE04EC0-301F-11D3-BF4B-00C04F79EFBC}") = "OpenCqrs.EventSourcing", "src\OpenCqrs.EventSourcing\OpenCqrs.EventSourcing.csproj", "{814F9A66-1D1B-4F8E-9CA9-0D2E06AAD65F}"
EndProject
Project("{FAE04EC0-301F-11D3-BF4B-00C04F79EFBC}") = "OpenCqrs.EventSourcing.Store.EntityFrameworkCore.Identity", "src\OpenCqrs.EventSourcing.Store.EntityFrameworkCore.Identity\OpenCqrs.EventSourcing.Store.EntityFrameworkCore.Identity.csproj", "{E85BAC46-723D-4522-B7C4-A808C04DE658}"
EndProject
Project("{FAE04EC0-301F-11D3-BF4B-00C04F79EFBC}") = "OpenCqrs.EventSourcing.Store.Cosmos", "src\OpenCqrs.EventSourcing.Store.Cosmos\OpenCqrs.EventSourcing.Store.Cosmos.csproj", "{0545A833-B9DF-4181-B33C-A27D0365A5D2}"
EndProject
Project("{2150E333-8FDC-42A3-9474-1A3956D46DE8}") = "docs", "docs", "{5442F24B-4F0C-4330-B09C-E9A880544691}"
	ProjectSection(SolutionItems) = preProject
		docs\Basics.md = docs\Basics.md
		docs\Commands.md = docs\Commands.md
		docs\Configuration.md = docs\Configuration.md
		docs\index.md = docs\index.md
		docs\Installation.md = docs\Installation.md
		docs\Queries.md = docs\Queries.md
		docs\Release-Notes.md = docs\Release-Notes.md
		docs\Event-Sourcing.md = docs\Event-Sourcing.md
		docs\Entity-Framework-Core.md = docs\Entity-Framework-Core.md
		docs\Cosmos.md = docs\Cosmos.md
		docs\Domain.md = docs\Domain.md
		docs\Notifications.md = docs\Notifications.md
		docs\Entity-Framework-Core-Extensions.md = docs\Entity-Framework-Core-Extensions.md
		docs\Entity-Framework-Core-Scenarios.md = docs\Entity-Framework-Core-Scenarios.md
		docs\Store-Providers.md = docs\Store-Providers.md
		docs\Domain-Service.md = docs\Domain-Service.md
	EndProjectSection
EndProject
Project("{FAE04EC0-301F-11D3-BF4B-00C04F79EFBC}") = "OpenCqrs.Examples.EventSourcing.EntityFrameworkCore", "examples\OpenCqrs.Examples.EventSourcing.EntityFrameworkCore\OpenCqrs.Examples.EventSourcing.EntityFrameworkCore.csproj", "{6379279E-932F-41F3-BEFD-7FC432FB7E1F}"
EndProject
Project("{2150E333-8FDC-42A3-9474-1A3956D46DE8}") = "examples", "examples", "{DFBB5E4C-0C58-497D-A013-0DC8312B7192}"
EndProject
Project("{FAE04EC0-301F-11D3-BF4B-00C04F79EFBC}") = "OpenCqrs.Validation.FluentValidation", "src\OpenCqrs.Validation.FluentValidation\OpenCqrs.Validation.FluentValidation.csproj", "{8C692A7F-EC77-4BCA-BF4D-0A221D4834E5}"
EndProject
Project("{FAE04EC0-301F-11D3-BF4B-00C04F79EFBC}") = "OpenCqrs.Validation.FluentValidation.Tests", "tests\OpenCqrs.Validation.FluentValidation.Tests\OpenCqrs.Validation.FluentValidation.Tests.csproj", "{22A820BB-DE18-4E53-88B8-C4CEF155A92B}"
EndProject
Project("{FAE04EC0-301F-11D3-BF4B-00C04F79EFBC}") = "OpenCQRS.EventSourcing.Store.Cosmos.Tests", "tests\OpenCQRS.EventSourcing.Store.Cosmos.Tests\OpenCQRS.EventSourcing.Store.Cosmos.Tests.csproj", "{4786B770-8FED-440A-9747-C29D933D62CF}"
EndProject
Global
	GlobalSection(SolutionConfigurationPlatforms) = preSolution
		Debug|Any CPU = Debug|Any CPU
		Release|Any CPU = Release|Any CPU
	EndGlobalSection
	GlobalSection(ProjectConfigurationPlatforms) = postSolution
		{1C87B8FB-2C9A-4F4D-8052-143209990BB2}.Debug|Any CPU.ActiveCfg = Debug|Any CPU
		{1C87B8FB-2C9A-4F4D-8052-143209990BB2}.Debug|Any CPU.Build.0 = Debug|Any CPU
		{1C87B8FB-2C9A-4F4D-8052-143209990BB2}.Release|Any CPU.ActiveCfg = Release|Any CPU
		{1C87B8FB-2C9A-4F4D-8052-143209990BB2}.Release|Any CPU.Build.0 = Release|Any CPU
		{329831D0-59DB-48B7-B83C-429969928B3C}.Debug|Any CPU.ActiveCfg = Debug|Any CPU
		{329831D0-59DB-48B7-B83C-429969928B3C}.Debug|Any CPU.Build.0 = Debug|Any CPU
		{329831D0-59DB-48B7-B83C-429969928B3C}.Release|Any CPU.ActiveCfg = Release|Any CPU
		{329831D0-59DB-48B7-B83C-429969928B3C}.Release|Any CPU.Build.0 = Release|Any CPU
		{BE446093-2B53-49DD-946C-C0CF377C3099}.Debug|Any CPU.ActiveCfg = Debug|Any CPU
		{BE446093-2B53-49DD-946C-C0CF377C3099}.Debug|Any CPU.Build.0 = Debug|Any CPU
		{BE446093-2B53-49DD-946C-C0CF377C3099}.Release|Any CPU.ActiveCfg = Release|Any CPU
		{BE446093-2B53-49DD-946C-C0CF377C3099}.Release|Any CPU.Build.0 = Release|Any CPU
		{207773D3-4028-4F76-A041-47FE5901CC0A}.Debug|Any CPU.ActiveCfg = Debug|Any CPU
		{207773D3-4028-4F76-A041-47FE5901CC0A}.Debug|Any CPU.Build.0 = Debug|Any CPU
		{207773D3-4028-4F76-A041-47FE5901CC0A}.Release|Any CPU.ActiveCfg = Release|Any CPU
		{207773D3-4028-4F76-A041-47FE5901CC0A}.Release|Any CPU.Build.0 = Release|Any CPU
		{814F9A66-1D1B-4F8E-9CA9-0D2E06AAD65F}.Debug|Any CPU.ActiveCfg = Debug|Any CPU
		{814F9A66-1D1B-4F8E-9CA9-0D2E06AAD65F}.Debug|Any CPU.Build.0 = Debug|Any CPU
		{814F9A66-1D1B-4F8E-9CA9-0D2E06AAD65F}.Release|Any CPU.ActiveCfg = Release|Any CPU
		{814F9A66-1D1B-4F8E-9CA9-0D2E06AAD65F}.Release|Any CPU.Build.0 = Release|Any CPU
		{E85BAC46-723D-4522-B7C4-A808C04DE658}.Debug|Any CPU.ActiveCfg = Debug|Any CPU
		{E85BAC46-723D-4522-B7C4-A808C04DE658}.Debug|Any CPU.Build.0 = Debug|Any CPU
		{E85BAC46-723D-4522-B7C4-A808C04DE658}.Release|Any CPU.ActiveCfg = Release|Any CPU
		{E85BAC46-723D-4522-B7C4-A808C04DE658}.Release|Any CPU.Build.0 = Release|Any CPU
		{0545A833-B9DF-4181-B33C-A27D0365A5D2}.Debug|Any CPU.ActiveCfg = Debug|Any CPU
		{0545A833-B9DF-4181-B33C-A27D0365A5D2}.Debug|Any CPU.Build.0 = Debug|Any CPU
		{0545A833-B9DF-4181-B33C-A27D0365A5D2}.Release|Any CPU.ActiveCfg = Release|Any CPU
		{0545A833-B9DF-4181-B33C-A27D0365A5D2}.Release|Any CPU.Build.0 = Release|Any CPU
		{6379279E-932F-41F3-BEFD-7FC432FB7E1F}.Debug|Any CPU.ActiveCfg = Debug|Any CPU
		{6379279E-932F-41F3-BEFD-7FC432FB7E1F}.Debug|Any CPU.Build.0 = Debug|Any CPU
		{6379279E-932F-41F3-BEFD-7FC432FB7E1F}.Release|Any CPU.ActiveCfg = Release|Any CPU
		{6379279E-932F-41F3-BEFD-7FC432FB7E1F}.Release|Any CPU.Build.0 = Release|Any CPU
		{8C692A7F-EC77-4BCA-BF4D-0A221D4834E5}.Debug|Any CPU.ActiveCfg = Debug|Any CPU
		{8C692A7F-EC77-4BCA-BF4D-0A221D4834E5}.Debug|Any CPU.Build.0 = Debug|Any CPU
		{8C692A7F-EC77-4BCA-BF4D-0A221D4834E5}.Release|Any CPU.ActiveCfg = Release|Any CPU
		{8C692A7F-EC77-4BCA-BF4D-0A221D4834E5}.Release|Any CPU.Build.0 = Release|Any CPU
		{22A820BB-DE18-4E53-88B8-C4CEF155A92B}.Debug|Any CPU.ActiveCfg = Debug|Any CPU
		{22A820BB-DE18-4E53-88B8-C4CEF155A92B}.Debug|Any CPU.Build.0 = Debug|Any CPU
		{22A820BB-DE18-4E53-88B8-C4CEF155A92B}.Release|Any CPU.ActiveCfg = Release|Any CPU
		{22A820BB-DE18-4E53-88B8-C4CEF155A92B}.Release|Any CPU.Build.0 = Release|Any CPU
		{4786B770-8FED-440A-9747-C29D933D62CF}.Debug|Any CPU.ActiveCfg = Debug|Any CPU
		{4786B770-8FED-440A-9747-C29D933D62CF}.Debug|Any CPU.Build.0 = Debug|Any CPU
		{4786B770-8FED-440A-9747-C29D933D62CF}.Release|Any CPU.ActiveCfg = Release|Any CPU
		{4786B770-8FED-440A-9747-C29D933D62CF}.Release|Any CPU.Build.0 = Release|Any CPU
	EndGlobalSection
	GlobalSection(SolutionProperties) = preSolution
		HideSolutionNode = FALSE
	EndGlobalSection
	GlobalSection(NestedProjects) = preSolution
		{1C87B8FB-2C9A-4F4D-8052-143209990BB2} = {90721148-631D-47AB-845C-8472AE48BC89}
		{329831D0-59DB-48B7-B83C-429969928B3C} = {8E88F39E-B2DF-4122-821F-0EECC7343773}
		{BE446093-2B53-49DD-946C-C0CF377C3099} = {90721148-631D-47AB-845C-8472AE48BC89}
		{207773D3-4028-4F76-A041-47FE5901CC0A} = {8E88F39E-B2DF-4122-821F-0EECC7343773}
		{814F9A66-1D1B-4F8E-9CA9-0D2E06AAD65F} = {90721148-631D-47AB-845C-8472AE48BC89}
		{E85BAC46-723D-4522-B7C4-A808C04DE658} = {90721148-631D-47AB-845C-8472AE48BC89}
		{0545A833-B9DF-4181-B33C-A27D0365A5D2} = {90721148-631D-47AB-845C-8472AE48BC89}
		{6379279E-932F-41F3-BEFD-7FC432FB7E1F} = {DFBB5E4C-0C58-497D-A013-0DC8312B7192}
		{8C692A7F-EC77-4BCA-BF4D-0A221D4834E5} = {90721148-631D-47AB-845C-8472AE48BC89}
		{22A820BB-DE18-4E53-88B8-C4CEF155A92B} = {8E88F39E-B2DF-4122-821F-0EECC7343773}
		{4786B770-8FED-440A-9747-C29D933D62CF} = {8E88F39E-B2DF-4122-821F-0EECC7343773}
	EndGlobalSection
	GlobalSection(ExtensibilityGlobals) = postSolution
		SolutionGuid = {154500C3-9A83-4F15-9D78-E1C285AD80AE}
	EndGlobalSection
EndGlobal
